
Microsoft Visual Studio Solution File, Format Version 12.00
# Visual Studio Version 17
VisualStudioVersion = 17.0.32014.148
MinimumVisualStudioVersion = 10.0.40219.1
Project("{9A19103F-16F7-4668-BE54-9A1E7A4F7556}") = "SmartBooking", "SmartBooking\SmartBooking.csproj", "{E4913E13-5DFD-4108-A61D-6A6D41619424}"
EndProject
Project("{FAE04EC0-301F-11D3-BF4B-00C04F79EFBC}") = "TestSmartBooking", "TestSmartBooking\TestSmartBooking.csproj", "{26EBC370-C2BE-45E1-99CC-CBDB1F4628A3}"
EndProject
Project("{2150E333-8FDC-42A3-9474-1A3956D46DE8}") = "Solution Items", "Solution Items", "{E4A96E56-6DED-4F6C-8994-9B430C34533C}"
	ProjectSection(SolutionItems) = preProject
		.gitignore = .gitignore
		Dockerfile = Dockerfile
	EndProjectSection
EndProject
Global
	GlobalSection(SolutionConfigurationPlatforms) = preSolution
		Debug|Any CPU = Debug|Any CPU
		Release|Any CPU = Release|Any CPU
	EndGlobalSection
	GlobalSection(ProjectConfigurationPlatforms) = postSolution
		{E4913E13-5DFD-4108-A61D-6A6D41619424}.Debug|Any CPU.ActiveCfg = Debug|Any CPU
		{E4913E13-5DFD-4108-A61D-6A6D41619424}.Debug|Any CPU.Build.0 = Debug|Any CPU
		{E4913E13-5DFD-4108-A61D-6A6D41619424}.Release|Any CPU.ActiveCfg = Release|Any CPU
		{E4913E13-5DFD-4108-A61D-6A6D41619424}.Release|Any CPU.Build.0 = Release|Any CPU
		{26EBC370-C2BE-45E1-99CC-CBDB1F4628A3}.Debug|Any CPU.ActiveCfg = Debug|Any CPU
		{26EBC370-C2BE-45E1-99CC-CBDB1F4628A3}.Debug|Any CPU.Build.0 = Debug|Any CPU
		{26EBC370-C2BE-45E1-99CC-CBDB1F4628A3}.Release|Any CPU.ActiveCfg = Release|Any CPU
		{26EBC370-C2BE-45E1-99CC-CBDB1F4628A3}.Release|Any CPU.Build.0 = Release|Any CPU
	EndGlobalSection
	GlobalSection(SolutionProperties) = preSolution
		HideSolutionNode = FALSE
	EndGlobalSection
	GlobalSection(ExtensibilityGlobals) = postSolution
		SolutionGuid = {9056BC6E-D88E-407C-A501-2BA063669ABE}
	EndGlobalSection
EndGlobal
